
Microsoft Visual Studio Solution File, Format Version 12.00
# Visual Studio 15
VisualStudioVersion = 15.0.26124.0
MinimumVisualStudioVersion = 15.0.26124.0
Project("{FAE04EC0-301F-11D3-BF4B-00C04F79EFBC}") = "api", "src\api.csproj", "{611B958E-2FA3-472D-9A7E-426148952D6B}"
EndProject
Project("{FAE04EC0-301F-11D3-BF4B-00C04F79EFBC}") = "tests", "tests\tests.csproj", "{AC775D88-9037-4FEC-B74B-04EFABC132A2}"
EndProject
Global
	GlobalSection(SolutionConfigurationPlatforms) = preSolution
		Debug|Any CPU = Debug|Any CPU
		Debug|x64 = Debug|x64
		Debug|x86 = Debug|x86
		Release|Any CPU = Release|Any CPU
		Release|x64 = Release|x64
		Release|x86 = Release|x86
	EndGlobalSection
	GlobalSection(SolutionProperties) = preSolution
		HideSolutionNode = FALSE
	EndGlobalSection
	GlobalSection(ProjectConfigurationPlatforms) = postSolution
		{611B958E-2FA3-472D-9A7E-426148952D6B}.Debug|Any CPU.ActiveCfg = Debug|Any CPU
		{611B958E-2FA3-472D-9A7E-426148952D6B}.Debug|Any CPU.Build.0 = Debug|Any CPU
		{611B958E-2FA3-472D-9A7E-426148952D6B}.Debug|x64.ActiveCfg = Debug|Any CPU
		{611B958E-2FA3-472D-9A7E-426148952D6B}.Debug|x64.Build.0 = Debug|Any CPU
		{611B958E-2FA3-472D-9A7E-426148952D6B}.Debug|x86.ActiveCfg = Debug|Any CPU
		{611B958E-2FA3-472D-9A7E-426148952D6B}.Debug|x86.Build.0 = Debug|Any CPU
		{611B958E-2FA3-472D-9A7E-426148952D6B}.Release|Any CPU.ActiveCfg = Release|Any CPU
		{611B958E-2FA3-472D-9A7E-426148952D6B}.Release|Any CPU.Build.0 = Release|Any CPU
		{611B958E-2FA3-472D-9A7E-426148952D6B}.Release|x64.ActiveCfg = Release|Any CPU
		{611B958E-2FA3-472D-9A7E-426148952D6B}.Release|x64.Build.0 = Release|Any CPU
		{611B958E-2FA3-472D-9A7E-426148952D6B}.Release|x86.ActiveCfg = Release|Any CPU
		{611B958E-2FA3-472D-9A7E-426148952D6B}.Release|x86.Build.0 = Release|Any CPU
		{AC775D88-9037-4FEC-B74B-04EFABC132A2}.Debug|Any CPU.ActiveCfg = Debug|Any CPU
		{AC775D88-9037-4FEC-B74B-04EFABC132A2}.Debug|Any CPU.Build.0 = Debug|Any CPU
		{AC775D88-9037-4FEC-B74B-04EFABC132A2}.Debug|x64.ActiveCfg = Debug|Any CPU
		{AC775D88-9037-4FEC-B74B-04EFABC132A2}.Debug|x64.Build.0 = Debug|Any CPU
		{AC775D88-9037-4FEC-B74B-04EFABC132A2}.Debug|x86.ActiveCfg = Debug|Any CPU
		{AC775D88-9037-4FEC-B74B-04EFABC132A2}.Debug|x86.Build.0 = Debug|Any CPU
		{AC775D88-9037-4FEC-B74B-04EFABC132A2}.Release|Any CPU.ActiveCfg = Release|Any CPU
		{AC775D88-9037-4FEC-B74B-04EFABC132A2}.Release|Any CPU.Build.0 = Release|Any CPU
		{AC775D88-9037-4FEC-B74B-04EFABC132A2}.Release|x64.ActiveCfg = Release|Any CPU
		{AC775D88-9037-4FEC-B74B-04EFABC132A2}.Release|x64.Build.0 = Release|Any CPU
		{AC775D88-9037-4FEC-B74B-04EFABC132A2}.Release|x86.ActiveCfg = Release|Any CPU
		{AC775D88-9037-4FEC-B74B-04EFABC132A2}.Release|x86.Build.0 = Release|Any CPU
	EndGlobalSection
EndGlobal
